lockfileVersion: 5.4

specifiers:
  im-selector: ^0.0.2

devDependencies:
  im-selector: 0.0.2

packages:

  /ansi-styles/4.3.0:
    resolution: {integrity: sha512-zbB9rCJAT1rbjiVDb2hqKFHNYLxgtk8NURxZ3IZwD3F6NtxbXZQCnnSi1Lkx+IDohdPlFp222wVALIheZJQSEg==}
    engines: {node: '>=8'}
    dependencies:
      color-convert: 2.0.1
    dev: true

  /boolbase/1.0.0:
    resolution: {integrity: sha512-JZOSA7Mo9sNGB8+UjSgzdLtokWAky1zbztM3WRLCbZ70/3cTANmQmOdR7y2g+J0e2WXywy1yS468tY+IruqEww==}
    dev: true

  /chalk/4.1.2:
    resolution: {integrity: sha512-oKnbhFyRIXpUuez8iBMmyEa4nbj4IOQyuhc/wy9kY7/WVPcwIO9VA668Pu8RkO7+0G76SLROeyw9CpQ061i4mA==}
    engines: {node: '>=10'}
    dependencies:
      ansi-styles: 4.3.0
      supports-color: 7.2.0
    dev: true

  /cheerio-select/2.1.0:
    resolution: {integrity: sha512-9v9kG0LvzrlcungtnJtpGNxY+fzECQKhK4EGJX2vByejiMX84MFNQw4UxPJl3bFbTMw+Dfs37XaIkCwTZfLh4g==}
    dependencies:
      boolbase: 1.0.0
      css-select: 5.1.0
      css-what: 6.1.0
      domelementtype: 2.3.0
      domhandler: 5.0.3
      domutils: 3.0.1
    dev: true

  /cheerio/1.0.0-rc.11:
    resolution: {integrity: sha512-bQwNaDIBKID5ts/DsdhxrjqFXYfLw4ste+wMKqWA8DyKcS4qwsPP4Bk8ZNaTJjvpiX/qW3BT4sU7d6Bh5i+dag==}
    engines: {node: '>= 6'}
    dependencies:
      cheerio-select: 2.1.0
      dom-serializer: 2.0.0
      domhandler: 5.0.3
      domutils: 3.0.1
      htmlparser2: 8.0.1
      parse5: 7.0.0
      parse5-htmlparser2-tree-adapter: 7.0.0
      tslib: 2.4.0
    dev: true

  /color-convert/2.0.1:
    resolution: {integrity: sha512-RRECPsj7iu/xb5oKYcsFHSppFNnsj/52OVTRKb4zP5onXwVF3zVmmToNcOfGC+CRDpfK/U584fMg38ZHCaElKQ==}
    engines: {node: '>=7.0.0'}
    dependencies:
      color-name: 1.1.4
    dev: true

  /color-name/1.1.4:
    resolution: {integrity: sha512-dOy+3AuW3a2wNbZHIuMZpTcgjGuLU/uBL/ubcZF9OXbDo8ff4O8yVp5Bf0efS8uEoYo5q4Fx7dY9OgQGXgAsQA==}
    dev: true

  /css-select/5.1.0:
    resolution: {integrity: sha512-nwoRF1rvRRnnCqqY7updORDsuqKzqYJ28+oSMaJMMgOauh3fvwHqMS7EZpIPqK8GL+g9mKxF1vP/ZjSeNjEVHg==}
    dependencies:
      boolbase: 1.0.0
      css-what: 6.1.0
      domhandler: 5.0.3
      domutils: 3.0.1
      nth-check: 2.1.1
    dev: true

  /css-what/6.1.0:
    resolution: {integrity: sha512-HTUrgRJ7r4dsZKU6GjmpfRK1O76h97Z8MfS1G0FozR+oF2kG6Vfe8JE6zwrkbxigziPHinCJ+gCPjA9EaBDtRw==}
    engines: {node: '>= 6'}
    dev: true

  /dom-serializer/2.0.0:
    resolution: {integrity: sha512-wIkAryiqt/nV5EQKqQpo3SToSOV9J0DnbJqwK7Wv/Trc92zIAYZ4FlMu+JPFW1DfGFt81ZTCGgDEabffXeLyJg==}
    dependencies:
      domelementtype: 2.3.0
      domhandler: 5.0.3
      entities: 4.3.0
    dev: true

  /domelementtype/2.3.0:
    resolution: {integrity: sha512-OLETBj6w0OsagBwdXnPdN0cnMfF9opN69co+7ZrbfPGrdpPVNBUj02spi6B1N7wChLQiPn4CSH/zJvXw56gmHw==}
    dev: true

  /domhandler/5.0.3:
    resolution: {integrity: sha512-cgwlv/1iFQiFnU96XXgROh8xTeetsnJiDsTc7TYCLFd9+/WNkIqPTxiM/8pSd8VIrhXGTf1Ny1q1hquVqDJB5w==}
    engines: {node: '>= 4'}
    dependencies:
      domelementtype: 2.3.0
    dev: true

  /domutils/3.0.1:
    resolution: {integrity: sha512-z08c1l761iKhDFtfXO04C7kTdPBLi41zwOZl00WS8b5eiaebNpY00HKbztwBq+e3vyqWNwWF3mP9YLUeqIrF+Q==}
    dependencies:
      dom-serializer: 2.0.0
      domelementtype: 2.3.0
      domhandler: 5.0.3
    dev: true

  /entities/4.3.0:
    resolution: {integrity: sha512-/iP1rZrSEJ0DTlPiX+jbzlA3eVkY/e8L8SozroF395fIqE3TYF/Nz7YOMAawta+vLmyJ/hkGNNPcSbMADCCXbg==}
    engines: {node: '>=0.12'}
    dev: true

  /has-flag/4.0.0:
    resolution: {integrity: sha512-EykJT/Q1KjTWctppgIAgfSO0tKVuZUjhgMr17kqTumMl6Afv3EISleU7qZUzoXDFTAHTDC4NOoG/ZxU3EvlMPQ==}
    engines: {node: '>=8'}
    dev: true

  /htmlparser2/8.0.1:
    resolution: {integrity: sha512-4lVbmc1diZC7GUJQtRQ5yBAeUCL1exyMwmForWkRLnwyzWBFxN633SALPMGYaWZvKe9j1pRZJpauvmxENSp/EA==}
    dependencies:
      domelementtype: 2.3.0
      domhandler: 5.0.3
      domutils: 3.0.1
      entities: 4.3.0
    dev: true

  /im-selector/0.0.2:
    resolution: {integrity: sha512-ytzdKN6AzrwE6fTyxhWP2K8UnpKwR8LBi7utrdbFGUUl2x9chCGoGthNsIkq+qPjQQH2FMv0h9qgki2FRlCWpQ==}
    dependencies:
      chalk: 4.1.2
      cheerio: 1.0.0-rc.11
    dev: true

  /nth-check/2.1.1:
    resolution: {integrity: sha512-lqjrjmaOoAnWfMmBPL+XNnynZh2+swxiX3WUE0s4yEHI6m+AwrK2UZOimIRl3X/4QctVqS8AiZjFqyOGrMXb/w==}
    dependencies:
      boolbase: 1.0.0
    dev: true

  /parse5-htmlparser2-tree-adapter/7.0.0:
    resolution: {integrity: sha512-B77tOZrqqfUfnVcOrUvfdLbz4pu4RopLD/4vmu3HUPswwTA8OH0EMW9BlWR2B0RCoiZRAHEUu7IxeP1Pd1UU+g==}
    dependencies:
      domhandler: 5.0.3
      parse5: 7.0.0
    dev: true

  /parse5/7.0.0:
    resolution: {integrity: sha512-y/t8IXSPWTuRZqXc0ajH/UwDj4mnqLEbSttNbThcFhGrZuOyoyvNBO85PBp2jQa55wY9d07PBNjsK8ZP3K5U6g==}
    dependencies:
      entities: 4.3.0
    dev: true

  /supports-color/7.2.0:
    resolution: {integrity: sha512-qpCAvRl9stuOHveKsn7HncJRvv501qIacKzQlO/+Lwxc9+0q2wLyv4Dfvt80/DPn2pqOBsJdDiogXGR9+OvwRw==}
    engines: {node: '>=8'}
    dependencies:
      has-flag: 4.0.0
    dev: true

  /tslib/2.4.0:
    resolution: {integrity: sha512-d6xOpEDfsi2CZVlPQzGeux8XMwLT9hssAsaPYExaQMuYskwb+x1x7J371tWlbBdWHroy99KnVB6qIkUbs5X3UQ==}
    dev: true
